
Microsoft Visual Studio Solution File, Format Version 12.00
# Visual Studio 15
VisualStudioVersion = 15.0.27428.2037
MinimumVisualStudioVersion = 10.0.40219.1
Project("{E24C65DC-7377-472B-9ABA-BC803B73C61A}") = "TestGitDeploy", ".", "{4661B473-A29E-4833-A423-7002FCD1FCA8}"
	ProjectSection(WebsiteProperties) = preProject
		TargetFrameworkMoniker = ".NETFramework,Version%3Dv4.6.1"
		Debug.AspNetCompiler.VirtualPath = "/localhost_51784"
		Debug.AspNetCompiler.PhysicalPath = "..\TestGitDeploy\"
		Debug.AspNetCompiler.TargetPath = "PrecompiledWeb\localhost_51784\"
		Debug.AspNetCompiler.Updateable = "true"
		Debug.AspNetCompiler.ForceOverwrite = "true"
		Debug.AspNetCompiler.FixedNames = "false"
		Debug.AspNetCompiler.Debug = "True"
		Release.AspNetCompiler.VirtualPath = "/localhost_51784"
		Release.AspNetCompiler.PhysicalPath = "..\TestGitDeploy\"
		Release.AspNetCompiler.TargetPath = "PrecompiledWeb\localhost_51784\"
		Release.AspNetCompiler.Updateable = "true"
		Release.AspNetCompiler.ForceOverwrite = "true"
		Release.AspNetCompiler.FixedNames = "false"
		Release.AspNetCompiler.Debug = "False"
		VWDPort = "51784"
	EndProjectSection
EndProject
Global
	GlobalSection(SolutionConfigurationPlatforms) = preSolution
		Debug|Any CPU = Debug|Any CPU
	EndGlobalSection
	GlobalSection(ProjectConfigurationPlatforms) = postSolution
		{4661B473-A29E-4833-A423-7002FCD1FCA8}.Debug|Any CPU.ActiveCfg = Debug|Any CPU
		{4661B473-A29E-4833-A423-7002FCD1FCA8}.Debug|Any CPU.Build.0 = Debug|Any CPU
	EndGlobalSection
	GlobalSection(SolutionProperties) = preSolution
		HideSolutionNode = FALSE
	EndGlobalSection
	GlobalSection(ExtensibilityGlobals) = postSolution
		SolutionGuid = {E252567F-189E-444C-B1A7-8B0295AC21F0}
	EndGlobalSection
EndGlobal
